// !$*UTF8*$!
{
	archiveVersion = 1;
	classes = {
	};
	objectVersion = 50;
	objects = {

/* Begin PBXBuildFile section */
		063D0B706E91296569225056 /* libPods-Demo Task.a in Frameworks */ = {isa = PBXBuildFile; fileRef = 0278A019747557D056F66EC5 /* libPods-Demo Task.a */; };
		447DD28B21B547A3003FCE27 /* UICKeyChainStore.m in Sources */ = {isa = PBXBuildFile; fileRef = 447DD28921B547A3003FCE27 /* UICKeyChainStore.m */; };
		7D54C706543666BADDC80701 /* libPods-Demo TaskUITests.a in Frameworks */ = {isa = PBXBuildFile; fileRef = 5D07A938F4EC3FEA68E7731D /* libPods-Demo TaskUITests.a */; };
		CB50258468004941E18EC88B /* libPods-Demo TaskTests.a in Frameworks */ = {isa = PBXBuildFile; fileRef = 921C471FFE7DCB6745B24E64 /* libPods-Demo TaskTests.a */; };
		EB7F568721B4FE5E00C7C710 /* AppDelegate.m in Sources */ = {isa = PBXBuildFile; fileRef = EB7F568621B4FE5E00C7C710 /* AppDelegate.m */; };
		EB7F568921B4FE5E00C7C710 /* Assets.xcassets in Resources */ = {isa = PBXBuildFile; fileRef = EB7F568821B4FE5E00C7C710 /* Assets.xcassets */; };
		EB7F568C21B4FE5E00C7C710 /* MainMenu.xib in Resources */ = {isa = PBXBuildFile; fileRef = EB7F568A21B4FE5E00C7C710 /* MainMenu.xib */; };
		EB7F568F21B4FE5E00C7C710 /* main.m in Sources */ = {isa = PBXBuildFile; fileRef = EB7F568E21B4FE5E00C7C710 /* main.m */; };
		EB7F569A21B4FE5E00C7C710 /* Demo_TaskTests.m in Sources */ = {isa = PBXBuildFile; fileRef = EB7F569921B4FE5E00C7C710 /* Demo_TaskTests.m */; };
		EB7F56A521B4FE5E00C7C710 /* Demo_TaskUITests.m in Sources */ = {isa = PBXBuildFile; fileRef = EB7F56A421B4FE5E00C7C710 /* Demo_TaskUITests.m */; };
		EB7F56B621B4FF4600C7C710 /* MainWindow.xib in Resources */ = {isa = PBXBuildFile; fileRef = EB7F56B421B4FF4600C7C710 /* MainWindow.xib */; };
		EB7F56B721B4FF4600C7C710 /* MainWindowController.m in Sources */ = {isa = PBXBuildFile; fileRef = EB7F56B521B4FF4600C7C710 /* MainWindowController.m */; };
		EB7F56D121B505A700C7C710 /* AddPhotosVC.m in Sources */ = {isa = PBXBuildFile; fileRef = EB7F56CF21B505A700C7C710 /* AddPhotosVC.m */; };
		EB7F56D221B505A700C7C710 /* AddPhotosVC.xib in Resources */ = {isa = PBXBuildFile; fileRef = EB7F56D021B505A700C7C710 /* AddPhotosVC.xib */; };
		EB7F56D521B5080F00C7C710 /* MouseDownView.m in Sources */ = {isa = PBXBuildFile; fileRef = EB7F56D321B5080F00C7C710 /* MouseDownView.m */; };
		EB7F56D821B5081E00C7C710 /* IMGButton.m in Sources */ = {isa = PBXBuildFile; fileRef = EB7F56D721B5081E00C7C710 /* IMGButton.m */; settings = {COMPILER_FLAGS = "-fno-objc-arc"; }; };
		EB7F570321B508C300C7C710 /* JNWCollectionViewData.m in Sources */ = {isa = PBXBuildFile; fileRef = EB7F56DD21B508C300C7C710 /* JNWCollectionViewData.m */; };
		EB7F570421B508C300C7C710 /* JNWCollectionViewCell.m in Sources */ = {isa = PBXBuildFile; fileRef = EB7F56DF21B508C300C7C710 /* JNWCollectionViewCell.m */; };
		EB7F570521B508C300C7C710 /* JNWCollectionViewListLayout.m in Sources */ = {isa = PBXBuildFile; fileRef = EB7F56E621B508C300C7C710 /* JNWCollectionViewListLayout.m */; };
		EB7F570621B508C300C7C710 /* JNWCollectionViewReusableView.m in Sources */ = {isa = PBXBuildFile; fileRef = EB7F56E721B508C300C7C710 /* JNWCollectionViewReusableView.m */; };
		EB7F570721B508C300C7C710 /* JNWCollectionViewFramework.m in Sources */ = {isa = PBXBuildFile; fileRef = EB7F56E921B508C300C7C710 /* JNWCollectionViewFramework.m */; };
		EB7F570821B508C300C7C710 /* JNWCollectionViewGridLayout.m in Sources */ = {isa = PBXBuildFile; fileRef = EB7F56EA21B508C300C7C710 /* JNWCollectionViewGridLayout.m */; };
		EB7F570921B508C300C7C710 /* NSIndexPath+JNWAdditions.m in Sources */ = {isa = PBXBuildFile; fileRef = EB7F56EB21B508C300C7C710 /* NSIndexPath+JNWAdditions.m */; };
		EB7F570B21B508C300C7C710 /* JNWCollectionViewDocumentView.m in Sources */ = {isa = PBXBuildFile; fileRef = EB7F56EF21B508C300C7C710 /* JNWCollectionViewDocumentView.m */; };
		EB7F570C21B508C300C7C710 /* JNWCollectionView-Info.plist in Resources */ = {isa = PBXBuildFile; fileRef = EB7F56F121B508C300C7C710 /* JNWCollectionView-Info.plist */; };
		EB7F570D21B508C300C7C710 /* JNWCollectionViewLayout.m in Sources */ = {isa = PBXBuildFile; fileRef = EB7F56F421B508C300C7C710 /* JNWCollectionViewLayout.m */; };
		EB7F571021B508C300C7C710 /* JNWScrollView.m in Sources */ = {isa = PBXBuildFile; fileRef = EB7F56FE21B508C300C7C710 /* JNWScrollView.m */; };
		EB7F571121B508C300C7C710 /* JNWClipView.m in Sources */ = {isa = PBXBuildFile; fileRef = EB7F570021B508C300C7C710 /* JNWClipView.m */; };
		EB7F571221B508C300C7C710 /* SWCollectionViewHorizontalLayout.m in Sources */ = {isa = PBXBuildFile; fileRef = EB7F570121B508C300C7C710 /* SWCollectionViewHorizontalLayout.m */; };
		EB7F571521B50F2400C7C710 /* PhotoFile.m in Sources */ = {isa = PBXBuildFile; fileRef = EB7F571421B50F2400C7C710 /* PhotoFile.m */; };
		EB7F571821B510AC00C7C710 /* GridCell.m in Sources */ = {isa = PBXBuildFile; fileRef = EB7F571621B510AC00C7C710 /* GridCell.m */; };
		EB7F571A21B5296A00C7C710 /* place_holder.png in Resources */ = {isa = PBXBuildFile; fileRef = EB7F571921B5296A00C7C710 /* place_holder.png */; };
		EB7F571C21B5299800C7C710 /* not_av_big.png in Resources */ = {isa = PBXBuildFile; fileRef = EB7F571B21B5299800C7C710 /* not_av_big.png */; };
		EB7F571E21B52D2D00C7C710 /* thumbview_icon.png in Resources */ = {isa = PBXBuildFile; fileRef = EB7F571D21B52D2D00C7C710 /* thumbview_icon.png */; };
		EB7F572021B52D3600C7C710 /* listview_icon.png in Resources */ = {isa = PBXBuildFile; fileRef = EB7F571F21B52D3600C7C710 /* listview_icon.png */; };
		EB7F572221B52D3F00C7C710 /* unchecked_icon.png in Resources */ = {isa = PBXBuildFile; fileRef = EB7F572121B52D3F00C7C710 /* unchecked_icon.png */; };
/* End PBXBuildFile section */

/* Begin PBXContainerItemProxy section */
		EB7F569621B4FE5E00C7C710 /* PBXContainerItemProxy */ = {
			isa = PBXContainerItemProxy;
			containerPortal = EB7F567A21B4FE5E00C7C710 /* Project object */;
			proxyType = 1;
			remoteGlobalIDString = EB7F568121B4FE5E00C7C710;
			remoteInfo = "Demo Task";
		};
		EB7F56A121B4FE5E00C7C710 /* PBXContainerItemProxy */ = {
			isa = PBXContainerItemProxy;
			containerPortal = EB7F567A21B4FE5E00C7C710 /* Project object */;
			proxyType = 1;
			remoteGlobalIDString = EB7F568121B4FE5E00C7C710;
			remoteInfo = "Demo Task";
		};
/* End PBXContainerItemProxy section */

/* Begin PBXFileReference section */
		0278A019747557D056F66EC5 /* libPods-Demo Task.a */ = {isa = PBXFileReference; explicitFileType = archive.ar; includeInIndex = 0; path = "libPods-Demo Task.a"; sourceTree = BUILT_PRODUCTS_DIR; };
		447DD28921B547A3003FCE27 /* UICKeyChainStore.m */ = {isa = PBXFileReference; fileEncoding = 4; lastKnownFileType = sourcecode.c.objc; path = UICKeyChainStore.m; sourceTree = "<group>"; };
		447DD28A21B547A3003FCE27 /* UICKeyChainStore.h */ = {isa = PBXFileReference; fileEncoding = 4; lastKnownFileType = sourcecode.c.h; path = UICKeyChainStore.h; sourceTree = "<group>"; };
		447DD28C21B547FB003FCE27 /* Demo Task.entitlements */ = {isa = PBXFileReference; lastKnownFileType = text.plist.entitlements; path = "Demo Task.entitlements"; sourceTree = "<group>"; };
		5D07A938F4EC3FEA68E7731D /* libPods-Demo TaskUITests.a */ = {isa = PBXFileReference; explicitFileType = archive.ar; includeInIndex = 0; path = "libPods-Demo TaskUITests.a"; sourceTree = BUILT_PRODUCTS_DIR; };
		829A561FAB7952F137210C22 /* Pods-Demo TaskUITests.release.xcconfig */ = {isa = PBXFileReference; includeInIndex = 1; lastKnownFileType = text.xcconfig; name = "Pods-Demo TaskUITests.release.xcconfig"; path = "Pods/Target Support Files/Pods-Demo TaskUITests/Pods-Demo TaskUITests.release.xcconfig"; sourceTree = "<group>"; };
		921C471FFE7DCB6745B24E64 /* libPods-Demo TaskTests.a */ = {isa = PBXFileReference; explicitFileType = archive.ar; includeInIndex = 0; path = "libPods-Demo TaskTests.a"; sourceTree = BUILT_PRODUCTS_DIR; };
		BE3EC7E31865722AC31245C3 /* Pods-Demo TaskTests.release.xcconfig */ = {isa = PBXFileReference; includeInIndex = 1; lastKnownFileType = text.xcconfig; name = "Pods-Demo TaskTests.release.xcconfig"; path = "Pods/Target Support Files/Pods-Demo TaskTests/Pods-Demo TaskTests.release.xcconfig"; sourceTree = "<group>"; };
		C7B6926DF0ACBD79476D9E89 /* Pods-Demo Task.debug.xcconfig */ = {isa = PBXFileReference; includeInIndex = 1; lastKnownFileType = text.xcconfig; name = "Pods-Demo Task.debug.xcconfig"; path = "Pods/Target Support Files/Pods-Demo Task/Pods-Demo Task.debug.xcconfig"; sourceTree = "<group>"; };
		D0C1958712709811CACA5696 /* Pods-Demo TaskUITests.debug.xcconfig */ = {isa = PBXFileReference; includeInIndex = 1; lastKnownFileType = text.xcconfig; name = "Pods-Demo TaskUITests.debug.xcconfig"; path = "Pods/Target Support Files/Pods-Demo TaskUITests/Pods-Demo TaskUITests.debug.xcconfig"; sourceTree = "<group>"; };
		D897A8C4DA32B43D074E42AD /* Pods-Demo TaskTests.debug.xcconfig */ = {isa = PBXFileReference; includeInIndex = 1; lastKnownFileType = text.xcconfig; name = "Pods-Demo TaskTests.debug.xcconfig"; path = "Pods/Target Support Files/Pods-Demo TaskTests/Pods-Demo TaskTests.debug.xcconfig"; sourceTree = "<group>"; };
		DD8AD31943BAEC713203484D /* Pods-Demo Task.release.xcconfig */ = {isa = PBXFileReference; includeInIndex = 1; lastKnownFileType = text.xcconfig; name = "Pods-Demo Task.release.xcconfig"; path = "Pods/Target Support Files/Pods-Demo Task/Pods-Demo Task.release.xcconfig"; sourceTree = "<group>"; };
		EB7F568221B4FE5E00C7C710 /* Demo Task.app */ = {isa = PBXFileReference; explicitFileType = wrapper.application; includeInIndex = 0; path = "Demo Task.app"; sourceTree = BUILT_PRODUCTS_DIR; };
		EB7F568521B4FE5E00C7C710 /* AppDelegate.h */ = {isa = PBXFileReference; lastKnownFileType = sourcecode.c.h; path = AppDelegate.h; sourceTree = "<group>"; };
		EB7F568621B4FE5E00C7C710 /* AppDelegate.m */ = {isa = PBXFileReference; lastKnownFileType = sourcecode.c.objc; path = AppDelegate.m; sourceTree = "<group>"; };
		EB7F568821B4FE5E00C7C710 /* Assets.xcassets */ = {isa = PBXFileReference; lastKnownFileType = folder.assetcatalog; path = Assets.xcassets; sourceTree = "<group>"; };
		EB7F568B21B4FE5E00C7C710 /* Base */ = {isa = PBXFileReference; lastKnownFileType = file.xib; name = Base; path = Base.lproj/MainMenu.xib; sourceTree = "<group>"; };
		EB7F568D21B4FE5E00C7C710 /* Info.plist */ = {isa = PBXFileReference; lastKnownFileType = text.plist.xml; path = Info.plist; sourceTree = "<group>"; };
		EB7F568E21B4FE5E00C7C710 /* main.m */ = {isa = PBXFileReference; lastKnownFileType = sourcecode.c.objc; path = main.m; sourceTree = "<group>"; };
		EB7F569021B4FE5E00C7C710 /* Demo_Task.entitlements */ = {isa = PBXFileReference; lastKnownFileType = text.plist.entitlements; path = Demo_Task.entitlements; sourceTree = "<group>"; };
		EB7F569521B4FE5E00C7C710 /* Demo TaskTests.xctest */ = {isa = PBXFileReference; explicitFileType = wrapper.cfbundle; includeInIndex = 0; path = "Demo TaskTests.xctest"; sourceTree = BUILT_PRODUCTS_DIR; };
		EB7F569921B4FE5E00C7C710 /* Demo_TaskTests.m */ = {isa = PBXFileReference; lastKnownFileType = sourcecode.c.objc; path = Demo_TaskTests.m; sourceTree = "<group>"; };
		EB7F569B21B4FE5E00C7C710 /* Info.plist */ = {isa = PBXFileReference; lastKnownFileType = text.plist.xml; path = Info.plist; sourceTree = "<group>"; };
		EB7F56A021B4FE5E00C7C710 /* Demo TaskUITests.xctest */ = {isa = PBXFileReference; explicitFileType = wrapper.cfbundle; includeInIndex = 0; path = "Demo TaskUITests.xctest"; sourceTree = BUILT_PRODUCTS_DIR; };
		EB7F56A421B4FE5E00C7C710 /* Demo_TaskUITests.m */ = {isa = PBXFileReference; lastKnownFileType = sourcecode.c.objc; path = Demo_TaskUITests.m; sourceTree = "<group>"; };
		EB7F56A621B4FE5E00C7C710 /* Info.plist */ = {isa = PBXFileReference; lastKnownFileType = text.plist.xml; path = Info.plist; sourceTree = "<group>"; };
		EB7F56B321B4FF4600C7C710 /* MainWindowController.h */ = {isa = PBXFileReference; fileEncoding = 4; lastKnownFileType = sourcecode.c.h; path = MainWindowController.h; sourceTree = "<group>"; };
		EB7F56B421B4FF4600C7C710 /* MainWindow.xib */ = {isa = PBXFileReference; fileEncoding = 4; lastKnownFileType = file.xib; path = MainWindow.xib; sourceTree = "<group>"; };
		EB7F56B521B4FF4600C7C710 /* MainWindowController.m */ = {isa = PBXFileReference; fileEncoding = 4; lastKnownFileType = sourcecode.c.objc; path = MainWindowController.m; sourceTree = "<group>"; };
		EB7F56B821B4FFDA00C7C710 /* Constants.h */ = {isa = PBXFileReference; fileEncoding = 4; lastKnownFileType = sourcecode.c.h; path = Constants.h; sourceTree = "<group>"; };
		EB7F56CE21B505A700C7C710 /* AddPhotosVC.h */ = {isa = PBXFileReference; fileEncoding = 4; lastKnownFileType = sourcecode.c.h; path = AddPhotosVC.h; sourceTree = "<group>"; };
		EB7F56CF21B505A700C7C710 /* AddPhotosVC.m */ = {isa = PBXFileReference; fileEncoding = 4; lastKnownFileType = sourcecode.c.objc; path = AddPhotosVC.m; sourceTree = "<group>"; };
		EB7F56D021B505A700C7C710 /* AddPhotosVC.xib */ = {isa = PBXFileReference; fileEncoding = 4; lastKnownFileType = file.xib; path = AddPhotosVC.xib; sourceTree = "<group>"; };
		EB7F56D321B5080F00C7C710 /* MouseDownView.m */ = {isa = PBXFileReference; fileEncoding = 4; lastKnownFileType = sourcecode.c.objc; path = MouseDownView.m; sourceTree = "<group>"; };
		EB7F56D421B5080F00C7C710 /* MouseDownView.h */ = {isa = PBXFileReference; fileEncoding = 4; lastKnownFileType = sourcecode.c.h; path = MouseDownView.h; sourceTree = "<group>"; };
		EB7F56D621B5081E00C7C710 /* IMGButton.h */ = {isa = PBXFileReference; fileEncoding = 4; lastKnownFileType = sourcecode.c.h; path = IMGButton.h; sourceTree = "<group>"; };
		EB7F56D721B5081E00C7C710 /* IMGButton.m */ = {isa = PBXFileReference; fileEncoding = 4; lastKnownFileType = sourcecode.c.objc; path = IMGButton.m; sourceTree = "<group>"; };
		EB7F56DC21B508C300C7C710 /* JNWCollectionView+Private.h */ = {isa = PBXFileReference; fileEncoding = 4; lastKnownFileType = sourcecode.c.h; path = "JNWCollectionView+Private.h"; sourceTree = "<group>"; };
		EB7F56DD21B508C300C7C710 /* JNWCollectionViewData.m */ = {isa = PBXFileReference; fileEncoding = 4; lastKnownFileType = sourcecode.c.objc; path = JNWCollectionViewData.m; sourceTree = "<group>"; };
		EB7F56DE21B508C300C7C710 /* JNWCollectionViewCell+Private.h */ = {isa = PBXFileReference; fileEncoding = 4; lastKnownFileType = sourcecode.c.h; path = "JNWCollectionViewCell+Private.h"; sourceTree = "<group>"; };
		EB7F56DF21B508C300C7C710 /* JNWCollectionViewCell.m */ = {isa = PBXFileReference; fileEncoding = 4; lastKnownFileType = sourcecode.c.objc; path = JNWCollectionViewCell.m; sourceTree = "<group>"; };
		EB7F56E021B508C300C7C710 /* NSIndexPath+JNWAdditions.h */ = {isa = PBXFileReference; fileEncoding = 4; lastKnownFileType = sourcecode.c.h; path = "NSIndexPath+JNWAdditions.h"; sourceTree = "<group>"; };
		EB7F56E121B508C300C7C710 /* JNWCollectionViewDocumentView.h */ = {isa = PBXFileReference; fileEncoding = 4; lastKnownFileType = sourcecode.c.h; path = JNWCollectionViewDocumentView.h; sourceTree = "<group>"; };
		EB7F56E321B508C300C7C710 /* JNWCollectionView.h */ = {isa = PBXFileReference; fileEncoding = 4; lastKnownFileType = sourcecode.c.h; path = JNWCollectionView.h; sourceTree = "<group>"; };
		EB7F56E421B508C300C7C710 /* JNWCollectionView-Prefix.pch */ = {isa = PBXFileReference; fileEncoding = 4; lastKnownFileType = sourcecode.c.h; path = "JNWCollectionView-Prefix.pch"; sourceTree = "<group>"; };
		EB7F56E521B508C300C7C710 /* JNWCollectionViewLayout+Private.h */ = {isa = PBXFileReference; fileEncoding = 4; lastKnownFileType = sourcecode.c.h; path = "JNWCollectionViewLayout+Private.h"; sourceTree = "<group>"; };
		EB7F56E621B508C300C7C710 /* JNWCollectionViewListLayout.m */ = {isa = PBXFileReference; fileEncoding = 4; lastKnownFileType = sourcecode.c.objc; path = JNWCollectionViewListLayout.m; sourceTree = "<group>"; };
		EB7F56E721B508C300C7C710 /* JNWCollectionViewReusableView.m */ = {isa = PBXFileReference; fileEncoding = 4; lastKnownFileType = sourcecode.c.objc; path = JNWCollectionViewReusableView.m; sourceTree = "<group>"; };
		EB7F56E821B508C300C7C710 /* JNWCollectionViewLayout.h */ = {isa = PBXFileReference; fileEncoding = 4; lastKnownFileType = sourcecode.c.h; path = JNWCollectionViewLayout.h; sourceTree = "<group>"; };
		EB7F56E921B508C300C7C710 /* JNWCollectionViewFramework.m */ = {isa = PBXFileReference; fileEncoding = 4; lastKnownFileType = sourcecode.c.objc; path = JNWCollectionViewFramework.m; sourceTree = "<group>"; };
		EB7F56EA21B508C300C7C710 /* JNWCollectionViewGridLayout.m */ = {isa = PBXFileReference; fileEncoding = 4; lastKnownFileType = sourcecode.c.objc; path = JNWCollectionViewGridLayout.m; sourceTree = "<group>"; };
		EB7F56EB21B508C300C7C710 /* NSIndexPath+JNWAdditions.m */ = {isa = PBXFileReference; fileEncoding = 4; lastKnownFileType = sourcecode.c.objc; path = "NSIndexPath+JNWAdditions.m"; sourceTree = "<group>"; };
		EB7F56EC21B508C300C7C710 /* JNWCollectionViewCell.h */ = {isa = PBXFileReference; fileEncoding = 4; lastKnownFileType = sourcecode.c.h; path = JNWCollectionViewCell.h; sourceTree = "<group>"; };
		EB7F56ED21B508C300C7C710 /* JNWCollectionViewData.h */ = {isa = PBXFileReference; fileEncoding = 4; lastKnownFileType = sourcecode.c.h; path = JNWCollectionViewData.h; sourceTree = "<group>"; };
		EB7F56EF21B508C300C7C710 /* JNWCollectionViewDocumentView.m */ = {isa = PBXFileReference; fileEncoding = 4; lastKnownFileType = sourcecode.c.objc; path = JNWCollectionViewDocumentView.m; sourceTree = "<group>"; };
		EB7F56F021B508C300C7C710 /* JNWCollectionViewReusableView+Private.h */ = {isa = PBXFileReference; fileEncoding = 4; lastKnownFileType = sourcecode.c.h; path = "JNWCollectionViewReusableView+Private.h"; sourceTree = "<group>"; };
		EB7F56F121B508C300C7C710 /* JNWCollectionView-Info.plist */ = {isa = PBXFileReference; fileEncoding = 4; lastKnownFileType = text.plist.xml; path = "JNWCollectionView-Info.plist"; sourceTree = "<group>"; };
		EB7F56F221B508C300C7C710 /* JNWCollectionViewFramework.h */ = {isa = PBXFileReference; fileEncoding = 4; lastKnownFileType = sourcecode.c.h; path = JNWCollectionViewFramework.h; sourceTree = "<group>"; };
		EB7F56F321B508C300C7C710 /* JNWCollectionViewGridLayout.h */ = {isa = PBXFileReference; fileEncoding = 4; lastKnownFileType = sourcecode.c.h; path = JNWCollectionViewGridLayout.h; sourceTree = "<group>"; };
		EB7F56F421B508C300C7C710 /* JNWCollectionViewLayout.m */ = {isa = PBXFileReference; fileEncoding = 4; lastKnownFileType = sourcecode.c.objc; path = JNWCollectionViewLayout.m; sourceTree = "<group>"; };
		EB7F56F521B508C300C7C710 /* JNWCollectionViewReusableView.h */ = {isa = PBXFileReference; fileEncoding = 4; lastKnownFileType = sourcecode.c.h; path = JNWCollectionViewReusableView.h; sourceTree = "<group>"; };
		EB7F56F621B508C300C7C710 /* JNWCollectionViewListLayout.h */ = {isa = PBXFileReference; fileEncoding = 4; lastKnownFileType = sourcecode.c.h; path = JNWCollectionViewListLayout.h; sourceTree = "<group>"; };
		EB7F56FC21B508C300C7C710 /* JNWClipView.h */ = {isa = PBXFileReference; fileEncoding = 4; lastKnownFileType = sourcecode.c.h; path = JNWClipView.h; sourceTree = "<group>"; };
		EB7F56FD21B508C300C7C710 /* SWCollectionViewHorizontalLayout.h */ = {isa = PBXFileReference; fileEncoding = 4; lastKnownFileType = sourcecode.c.h; path = SWCollectionViewHorizontalLayout.h; sourceTree = "<group>"; };
		EB7F56FE21B508C300C7C710 /* JNWScrollView.m */ = {isa = PBXFileReference; fileEncoding = 4; lastKnownFileType = sourcecode.c.objc; path = JNWScrollView.m; sourceTree = "<group>"; };
		EB7F570021B508C300C7C710 /* JNWClipView.m */ = {isa = PBXFileReference; fileEncoding = 4; lastKnownFileType = sourcecode.c.objc; path = JNWClipView.m; sourceTree = "<group>"; };
		EB7F570121B508C300C7C710 /* SWCollectionViewHorizontalLayout.m */ = {isa = PBXFileReference; fileEncoding = 4; lastKnownFileType = sourcecode.c.objc; path = SWCollectionViewHorizontalLayout.m; sourceTree = "<group>"; };
		EB7F570221B508C300C7C710 /* JNWScrollView.h */ = {isa = PBXFileReference; fileEncoding = 4; lastKnownFileType = sourcecode.c.h; path = JNWScrollView.h; sourceTree = "<group>"; };
		EB7F571321B50F2400C7C710 /* PhotoFile.h */ = {isa = PBXFileReference; fileEncoding = 4; lastKnownFileType = sourcecode.c.h; path = PhotoFile.h; sourceTree = "<group>"; };
		EB7F571421B50F2400C7C710 /* PhotoFile.m */ = {isa = PBXFileReference; fileEncoding = 4; lastKnownFileType = sourcecode.c.objc; path = PhotoFile.m; sourceTree = "<group>"; };
		EB7F571621B510AC00C7C710 /* GridCell.m */ = {isa = PBXFileReference; fileEncoding = 4; lastKnownFileType = sourcecode.c.objc; path = GridCell.m; sourceTree = "<group>"; };
		EB7F571721B510AC00C7C710 /* GridCell.h */ = {isa = PBXFileReference; fileEncoding = 4; lastKnownFileType = sourcecode.c.h; path = GridCell.h; sourceTree = "<group>"; };
		EB7F571921B5296A00C7C710 /* place_holder.png */ = {isa = PBXFileReference; lastKnownFileType = image.png; path = place_holder.png; sourceTree = "<group>"; };
		EB7F571B21B5299800C7C710 /* not_av_big.png */ = {isa = PBXFileReference; lastKnownFileType = image.png; path = not_av_big.png; sourceTree = "<group>"; };
		EB7F571D21B52D2D00C7C710 /* thumbview_icon.png */ = {isa = PBXFileReference; lastKnownFileType = image.png; path = thumbview_icon.png; sourceTree = "<group>"; };
		EB7F571F21B52D3600C7C710 /* listview_icon.png */ = {isa = PBXFileReference; lastKnownFileType = image.png; path = listview_icon.png; sourceTree = "<group>"; };
		EB7F572121B52D3F00C7C710 /* unchecked_icon.png */ = {isa = PBXFileReference; lastKnownFileType = image.png; path = unchecked_icon.png; sourceTree = "<group>"; };
/* End PBXFileReference section */

/* Begin PBXFrameworksBuildPhase section */
		EB7F567F21B4FE5E00C7C710 /* Frameworks */ = {
			isa = PBXFrameworksBuildPhase;
			buildActionMask = 2147483647;
			files = (
				063D0B706E91296569225056 /* libPods-Demo Task.a in Frameworks */,
			);
			runOnlyForDeploymentPostprocessing = 0;
		};
		EB7F569221B4FE5E00C7C710 /* Frameworks */ = {
			isa = PBXFrameworksBuildPhase;
			buildActionMask = 2147483647;
			files = (
				CB50258468004941E18EC88B /* libPods-Demo TaskTests.a in Frameworks */,
			);
			runOnlyForDeploymentPostprocessing = 0;
		};
		EB7F569D21B4FE5E00C7C710 /* Frameworks */ = {
			isa = PBXFrameworksBuildPhase;
			buildActionMask = 2147483647;
			files = (
				7D54C706543666BADDC80701 /* libPods-Demo TaskUITests.a in Frameworks */,
			);
			runOnlyForDeploymentPostprocessing = 0;
		};
/* End PBXFrameworksBuildPhase section */

/* Begin PBXGroup section */
		0E58A0832DCE756D0DB893F9 /* Frameworks */ = {
			isa = PBXGroup;
			children = (
				0278A019747557D056F66EC5 /* libPods-Demo Task.a */,
				921C471FFE7DCB6745B24E64 /* libPods-Demo TaskTests.a */,
				5D07A938F4EC3FEA68E7731D /* libPods-Demo TaskUITests.a */,
			);
			name = Frameworks;
			sourceTree = "<group>";
		};
		447DD28721B547A3003FCE27 /* Helper */ = {
			isa = PBXGroup;
			children = (
				447DD28821B547A3003FCE27 /* UICKeyChainStore */,
			);
			path = Helper;
			sourceTree = "<group>";
		};
		447DD28821B547A3003FCE27 /* UICKeyChainStore */ = {
			isa = PBXGroup;
			children = (
				447DD28921B547A3003FCE27 /* UICKeyChainStore.m */,
				447DD28A21B547A3003FCE27 /* UICKeyChainStore.h */,
			);
			path = UICKeyChainStore;
			sourceTree = "<group>";
		};
		EB7F567921B4FE5E00C7C710 = {
			isa = PBXGroup;
			children = (
				EB7F568421B4FE5E00C7C710 /* Demo Task */,
				EB7F569821B4FE5E00C7C710 /* Demo TaskTests */,
				EB7F56A321B4FE5E00C7C710 /* Demo TaskUITests */,
				EB7F568321B4FE5E00C7C710 /* Products */,
				FEBCA44EBCBEA00F210E536C /* Pods */,
				0E58A0832DCE756D0DB893F9 /* Frameworks */,
			);
			sourceTree = "<group>";
		};
		EB7F568321B4FE5E00C7C710 /* Products */ = {
			isa = PBXGroup;
			children = (
				EB7F568221B4FE5E00C7C710 /* Demo Task.app */,
				EB7F569521B4FE5E00C7C710 /* Demo TaskTests.xctest */,
				EB7F56A021B4FE5E00C7C710 /* Demo TaskUITests.xctest */,
			);
			name = Products;
			sourceTree = "<group>";
		};
		EB7F568421B4FE5E00C7C710 /* Demo Task */ = {
			isa = PBXGroup;
			children = (
				447DD28C21B547FB003FCE27 /* Demo Task.entitlements */,
				EB7F571D21B52D2D00C7C710 /* thumbview_icon.png */,
				EB7F571B21B5299800C7C710 /* not_av_big.png */,
				EB7F571921B5296A00C7C710 /* place_holder.png */,
				EB7F571F21B52D3600C7C710 /* listview_icon.png */,
				EB7F572121B52D3F00C7C710 /* unchecked_icon.png */,
				EB7F56B821B4FFDA00C7C710 /* Constants.h */,
				EB7F568521B4FE5E00C7C710 /* AppDelegate.h */,
				EB7F568621B4FE5E00C7C710 /* AppDelegate.m */,
				EB7F56D421B5080F00C7C710 /* MouseDownView.h */,
				EB7F56D321B5080F00C7C710 /* MouseDownView.m */,
				EB7F56D621B5081E00C7C710 /* IMGButton.h */,
				EB7F56D721B5081E00C7C710 /* IMGButton.m */,
				EB7F571321B50F2400C7C710 /* PhotoFile.h */,
				EB7F571421B50F2400C7C710 /* PhotoFile.m */,
				447DD28721B547A3003FCE27 /* Helper */,
				EB7F56D921B508C300C7C710 /* CustomUIComponents */,
				EB7F56B921B5024C00C7C710 /* ViewControllers */,
				EB7F56B221B4FF4600C7C710 /* MainWindowController */,
				EB7F568821B4FE5E00C7C710 /* Assets.xcassets */,
				EB7F568A21B4FE5E00C7C710 /* MainMenu.xib */,
				EB7F568D21B4FE5E00C7C710 /* Info.plist */,
				EB7F568E21B4FE5E00C7C710 /* main.m */,
				EB7F569021B4FE5E00C7C710 /* Demo_Task.entitlements */,
			);
			path = "Demo Task";
			sourceTree = "<group>";
		};
		EB7F569821B4FE5E00C7C710 /* Demo TaskTests */ = {
			isa = PBXGroup;
			children = (
				EB7F569921B4FE5E00C7C710 /* Demo_TaskTests.m */,
				EB7F569B21B4FE5E00C7C710 /* Info.plist */,
			);
			path = "Demo TaskTests";
			sourceTree = "<group>";
		};
		EB7F56A321B4FE5E00C7C710 /* Demo TaskUITests */ = {
			isa = PBXGroup;
			children = (
				EB7F56A421B4FE5E00C7C710 /* Demo_TaskUITests.m */,
				EB7F56A621B4FE5E00C7C710 /* Info.plist */,
			);
			path = "Demo TaskUITests";
			sourceTree = "<group>";
		};
		EB7F56B221B4FF4600C7C710 /* MainWindowController */ = {
			isa = PBXGroup;
			children = (
				EB7F56B421B4FF4600C7C710 /* MainWindow.xib */,
				EB7F56B321B4FF4600C7C710 /* MainWindowController.h */,
				EB7F56B521B4FF4600C7C710 /* MainWindowController.m */,
			);
			path = MainWindowController;
			sourceTree = "<group>";
		};
		EB7F56B921B5024C00C7C710 /* ViewControllers */ = {
			isa = PBXGroup;
			children = (
				EB7F56CE21B505A700C7C710 /* AddPhotosVC.h */,
				EB7F56CF21B505A700C7C710 /* AddPhotosVC.m */,
				EB7F56D021B505A700C7C710 /* AddPhotosVC.xib */,
			);
			path = ViewControllers;
			sourceTree = "<group>";
		};
		EB7F56D921B508C300C7C710 /* CustomUIComponents */ = {
			isa = PBXGroup;
			children = (
				EB7F571721B510AC00C7C710 /* GridCell.h */,
				EB7F571621B510AC00C7C710 /* GridCell.m */,
				EB7F56DA21B508C300C7C710 /* JNWCollectionViewUpdated */,
			);
			path = CustomUIComponents;
			sourceTree = "<group>";
		};
		EB7F56DA21B508C300C7C710 /* JNWCollectionViewUpdated */ = {
			isa = PBXGroup;
			children = (
				EB7F56DB21B508C300C7C710 /* JNWCollectionView */,
				EB7F56F721B508C300C7C710 /* external */,
			);
			path = JNWCollectionViewUpdated;
			sourceTree = "<group>";
		};
		EB7F56DB21B508C300C7C710 /* JNWCollectionView */ = {
			isa = PBXGroup;
			children = (
				EB7F56DC21B508C300C7C710 /* JNWCollectionView+Private.h */,
				EB7F56ED21B508C300C7C710 /* JNWCollectionViewData.h */,
				EB7F56DD21B508C300C7C710 /* JNWCollectionViewData.m */,
				EB7F56EC21B508C300C7C710 /* JNWCollectionViewCell.h */,
				EB7F56DF21B508C300C7C710 /* JNWCollectionViewCell.m */,
				EB7F56DE21B508C300C7C710 /* JNWCollectionViewCell+Private.h */,
				EB7F56E021B508C300C7C710 /* NSIndexPath+JNWAdditions.h */,
				EB7F56EB21B508C300C7C710 /* NSIndexPath+JNWAdditions.m */,
				EB7F56E121B508C300C7C710 /* JNWCollectionViewDocumentView.h */,
				EB7F56EF21B508C300C7C710 /* JNWCollectionViewDocumentView.m */,
				EB7F56E321B508C300C7C710 /* JNWCollectionView.h */,
				EB7F56E421B508C300C7C710 /* JNWCollectionView-Prefix.pch */,
				EB7F56E521B508C300C7C710 /* JNWCollectionViewLayout+Private.h */,
				EB7F56E821B508C300C7C710 /* JNWCollectionViewLayout.h */,
				EB7F56F421B508C300C7C710 /* JNWCollectionViewLayout.m */,
				EB7F56F621B508C300C7C710 /* JNWCollectionViewListLayout.h */,
				EB7F56E621B508C300C7C710 /* JNWCollectionViewListLayout.m */,
				EB7F56F321B508C300C7C710 /* JNWCollectionViewGridLayout.h */,
				EB7F56EA21B508C300C7C710 /* JNWCollectionViewGridLayout.m */,
				EB7F56F021B508C300C7C710 /* JNWCollectionViewReusableView+Private.h */,
				EB7F56F521B508C300C7C710 /* JNWCollectionViewReusableView.h */,
				EB7F56E721B508C300C7C710 /* JNWCollectionViewReusableView.m */,
				EB7F56F221B508C300C7C710 /* JNWCollectionViewFramework.h */,
				EB7F56E921B508C300C7C710 /* JNWCollectionViewFramework.m */,
				EB7F56F121B508C300C7C710 /* JNWCollectionView-Info.plist */,
			);
			path = JNWCollectionView;
			sourceTree = "<group>";
		};
		EB7F56F721B508C300C7C710 /* external */ = {
			isa = PBXGroup;
			children = (
				EB7F56F821B508C300C7C710 /* JNWScrollView */,
			);
			path = external;
			sourceTree = "<group>";
		};
		EB7F56F821B508C300C7C710 /* JNWScrollView */ = {
			isa = PBXGroup;
			children = (
				EB7F56FD21B508C300C7C710 /* SWCollectionViewHorizontalLayout.h */,
				EB7F570121B508C300C7C710 /* SWCollectionViewHorizontalLayout.m */,
				EB7F570221B508C300C7C710 /* JNWScrollView.h */,
				EB7F56FE21B508C300C7C710 /* JNWScrollView.m */,
				EB7F56FC21B508C300C7C710 /* JNWClipView.h */,
				EB7F570021B508C300C7C710 /* JNWClipView.m */,
			);
			path = JNWScrollView;
			sourceTree = "<group>";
		};
		FEBCA44EBCBEA00F210E536C /* Pods */ = {
			isa = PBXGroup;
			children = (
				C7B6926DF0ACBD79476D9E89 /* Pods-Demo Task.debug.xcconfig */,
				DD8AD31943BAEC713203484D /* Pods-Demo Task.release.xcconfig */,
				D897A8C4DA32B43D074E42AD /* Pods-Demo TaskTests.debug.xcconfig */,
				BE3EC7E31865722AC31245C3 /* Pods-Demo TaskTests.release.xcconfig */,
				D0C1958712709811CACA5696 /* Pods-Demo TaskUITests.debug.xcconfig */,
				829A561FAB7952F137210C22 /* Pods-Demo TaskUITests.release.xcconfig */,
			);
			name = Pods;
			sourceTree = "<group>";
		};
/* End PBXGroup section */

/* Begin PBXNativeTarget section */
		EB7F568121B4FE5E00C7C710 /* Demo Task */ = {
			isa = PBXNativeTarget;
			buildConfigurationList = EB7F56A921B4FE5E00C7C710 /* Build configuration list for PBXNativeTarget "Demo Task" */;
			buildPhases = (
				FC5FEB09CE655678A7EDAF3F /* [CP] Check Pods Manifest.lock */,
				EB7F567E21B4FE5E00C7C710 /* Sources */,
				EB7F567F21B4FE5E00C7C710 /* Frameworks */,
				EB7F568021B4FE5E00C7C710 /* Resources */,
				4B3FFF5C9F433E7CCB73218C /* [CP] Copy Pods Resources */,
			);
			buildRules = (
			);
			dependencies = (
			);
			name = "Demo Task";
			productName = "Demo Task";
			productReference = EB7F568221B4FE5E00C7C710 /* Demo Task.app */;
			productType = "com.apple.product-type.application";
		};
		EB7F569421B4FE5E00C7C710 /* Demo TaskTests */ = {
			isa = PBXNativeTarget;
			buildConfigurationList = EB7F56AC21B4FE5E00C7C710 /* Build configuration list for PBXNativeTarget "Demo TaskTests" */;
			buildPhases = (
				F43079265955C697D223C036 /* [CP] Check Pods Manifest.lock */,
				EB7F569121B4FE5E00C7C710 /* Sources */,
				EB7F569221B4FE5E00C7C710 /* Frameworks */,
				EB7F569321B4FE5E00C7C710 /* Resources */,
			);
			buildRules = (
			);
			dependencies = (
				EB7F569721B4FE5E00C7C710 /* PBXTargetDependency */,
			);
			name = "Demo TaskTests";
			productName = "Demo TaskTests";
			productReference = EB7F569521B4FE5E00C7C710 /* Demo TaskTests.xctest */;
			productType = "com.apple.product-type.bundle.unit-test";
		};
		EB7F569F21B4FE5E00C7C710 /* Demo TaskUITests */ = {
			isa = PBXNativeTarget;
			buildConfigurationList = EB7F56AF21B4FE5E00C7C710 /* Build configuration list for PBXNativeTarget "Demo TaskUITests" */;
			buildPhases = (
				51ACA45C7C0EFA76E441A904 /* [CP] Check Pods Manifest.lock */,
				EB7F569C21B4FE5E00C7C710 /* Sources */,
				EB7F569D21B4FE5E00C7C710 /* Frameworks */,
				EB7F569E21B4FE5E00C7C710 /* Resources */,
			);
			buildRules = (
			);
			dependencies = (
				EB7F56A221B4FE5E00C7C710 /* PBXTargetDependency */,
			);
			name = "Demo TaskUITests";
			productName = "Demo TaskUITests";
			productReference = EB7F56A021B4FE5E00C7C710 /* Demo TaskUITests.xctest */;
			productType = "com.apple.product-type.bundle.ui-testing";
		};
/* End PBXNativeTarget section */

/* Begin PBXProject section */
		EB7F567A21B4FE5E00C7C710 /* Project object */ = {
			isa = PBXProject;
			attributes = {
				LastUpgradeCheck = 1000;
				ORGANIZATIONNAME = "Sanket Nagar";
				TargetAttributes = {
					EB7F568121B4FE5E00C7C710 = {
						CreatedOnToolsVersion = 10.0;
						SystemCapabilities = {
							com.apple.Sandbox = {
								enabled = 1;
							};
						};
					};
					EB7F569421B4FE5E00C7C710 = {
						CreatedOnToolsVersion = 10.0;
						TestTargetID = EB7F568121B4FE5E00C7C710;
					};
					EB7F569F21B4FE5E00C7C710 = {
						CreatedOnToolsVersion = 10.0;
						TestTargetID = EB7F568121B4FE5E00C7C710;
					};
				};
			};
			buildConfigurationList = EB7F567D21B4FE5E00C7C710 /* Build configuration list for PBXProject "Demo Task" */;
			compatibilityVersion = "Xcode 9.3";
			developmentRegion = en;
			hasScannedForEncodings = 0;
			knownRegions = (
				en,
				Base,
			);
			mainGroup = EB7F567921B4FE5E00C7C710;
			productRefGroup = EB7F568321B4FE5E00C7C710 /* Products */;
			projectDirPath = "";
			projectRoot = "";
			targets = (
				EB7F568121B4FE5E00C7C710 /* Demo Task */,
				EB7F569421B4FE5E00C7C710 /* Demo TaskTests */,
				EB7F569F21B4FE5E00C7C710 /* Demo TaskUITests */,
			);
		};
/* End PBXProject section */

/* Begin PBXResourcesBuildPhase section */
		EB7F568021B4FE5E00C7C710 /* Resources */ = {
			isa = PBXResourcesBuildPhase;
			buildActionMask = 2147483647;
			files = (
				EB7F571E21B52D2D00C7C710 /* thumbview_icon.png in Resources */,
				EB7F568921B4FE5E00C7C710 /* Assets.xcassets in Resources */,
				EB7F572021B52D3600C7C710 /* listview_icon.png in Resources */,
				EB7F572221B52D3F00C7C710 /* unchecked_icon.png in Resources */,
				EB7F568C21B4FE5E00C7C710 /* MainMenu.xib in Resources */,
				EB7F571C21B5299800C7C710 /* not_av_big.png in Resources */,
				EB7F56B621B4FF4600C7C710 /* MainWindow.xib in Resources */,
				EB7F56D221B505A700C7C710 /* AddPhotosVC.xib in Resources */,
				EB7F570C21B508C300C7C710 /* JNWCollectionView-Info.plist in Resources */,
				EB7F571A21B5296A00C7C710 /* place_holder.png in Resources */,
			);
			runOnlyForDeploymentPostprocessing = 0;
		};
		EB7F569321B4FE5E00C7C710 /* Resources */ = {
			isa = PBXResourcesBuildPhase;
			buildActionMask = 2147483647;
			files = (
			);
			runOnlyForDeploymentPostprocessing = 0;
		};
		EB7F569E21B4FE5E00C7C710 /* Resources */ = {
			isa = PBXResourcesBuildPhase;
			buildActionMask = 2147483647;
			files = (
			);
			runOnlyForDeploymentPostprocessing = 0;
		};
/* End PBXResourcesBuildPhase section */

/* Begin PBXShellScriptBuildPhase section */
		4B3FFF5C9F433E7CCB73218C /* [CP] Copy Pods Resources */ = {
			isa = PBXShellScriptBuildPhase;
			buildActionMask = 2147483647;
			files = (
			);
			inputPaths = (
				"${SRCROOT}/Pods/Target Support Files/Pods-Demo Task/Pods-Demo Task-resources.sh",
				"${PODS_ROOT}/objectiveflickr/BridgeSupport",
			);
			name = "[CP] Copy Pods Resources";
			outputPaths = (
				"${TARGET_BUILD_DIR}/${UNLOCALIZED_RESOURCES_FOLDER_PATH}/BridgeSupport",
			);
			runOnlyForDeploymentPostprocessing = 0;
			shellPath = /bin/sh;
			shellScript = "\"${SRCROOT}/Pods/Target Support Files/Pods-Demo Task/Pods-Demo Task-resources.sh\"\n";
			showEnvVarsInLog = 0;
		};
		51ACA45C7C0EFA76E441A904 /* [CP] Check Pods Manifest.lock */ = {
			isa = PBXShellScriptBuildPhase;
			buildActionMask = 2147483647;
			files = (
			);
			inputPaths = (
				"${PODS_PODFILE_DIR_PATH}/Podfile.lock",
				"${PODS_ROOT}/Manifest.lock",
			);
			name = "[CP] Check Pods Manifest.lock";
			outputPaths = (
				"$(DERIVED_FILE_DIR)/Pods-Demo TaskUITests-checkManifestLockResult.txt",
			);
			runOnlyForDeploymentPostprocessing = 0;
			shellPath = /bin/sh;
			shellScript = "diff \"${PODS_PODFILE_DIR_PATH}/Podfile.lock\" \"${PODS_ROOT}/Manifest.lock\" > /dev/null\nif [ $? != 0 ] ; then\n    # print error to STDERR\n    echo \"error: The sandbox is not in sync with the Podfile.lock. Run 'pod install' or update your CocoaPods installation.\" >&2\n    exit 1\nfi\n# This output is used by Xcode 'outputs' to avoid re-running this script phase.\necho \"SUCCESS\" > \"${SCRIPT_OUTPUT_FILE_0}\"\n";
			showEnvVarsInLog = 0;
		};
		F43079265955C697D223C036 /* [CP] Check Pods Manifest.lock */ = {
			isa = PBXShellScriptBuildPhase;
			buildActionMask = 2147483647;
			files = (
			);
			inputPaths = (
				"${PODS_PODFILE_DIR_PATH}/Podfile.lock",
				"${PODS_ROOT}/Manifest.lock",
			);
			name = "[CP] Check Pods Manifest.lock";
			outputPaths = (
				"$(DERIVED_FILE_DIR)/Pods-Demo TaskTests-checkManifestLockResult.txt",
			);
			runOnlyForDeploymentPostprocessing = 0;
			shellPath = /bin/sh;
			shellScript = "diff \"${PODS_PODFILE_DIR_PATH}/Podfile.lock\" \"${PODS_ROOT}/Manifest.lock\" > /dev/null\nif [ $? != 0 ] ; then\n    # print error to STDERR\n    echo \"error: The sandbox is not in sync with the Podfile.lock. Run 'pod install' or update your CocoaPods installation.\" >&2\n    exit 1\nfi\n# This output is used by Xcode 'outputs' to avoid re-running this script phase.\necho \"SUCCESS\" > \"${SCRIPT_OUTPUT_FILE_0}\"\n";
			showEnvVarsInLog = 0;
		};
		FC5FEB09CE655678A7EDAF3F /* [CP] Check Pods Manifest.lock */ = {
			isa = PBXShellScriptBuildPhase;
			buildActionMask = 2147483647;
			files = (
			);
			inputPaths = (
				"${PODS_PODFILE_DIR_PATH}/Podfile.lock",
				"${PODS_ROOT}/Manifest.lock",
			);
			name = "[CP] Check Pods Manifest.lock";
			outputPaths = (
				"$(DERIVED_FILE_DIR)/Pods-Demo Task-checkManifestLockResult.txt",
			);
			runOnlyForDeploymentPostprocessing = 0;
			shellPath = /bin/sh;
			shellScript = "diff \"${PODS_PODFILE_DIR_PATH}/Podfile.lock\" \"${PODS_ROOT}/Manifest.lock\" > /dev/null\nif [ $? != 0 ] ; then\n    # print error to STDERR\n    echo \"error: The sandbox is not in sync with the Podfile.lock. Run 'pod install' or update your CocoaPods installation.\" >&2\n    exit 1\nfi\n# This output is used by Xcode 'outputs' to avoid re-running this script phase.\necho \"SUCCESS\" > \"${SCRIPT_OUTPUT_FILE_0}\"\n";
			showEnvVarsInLog = 0;
		};
/* End PBXShellScriptBuildPhase section */

/* Begin PBXSourcesBuildPhase section */
		EB7F567E21B4FE5E00C7C710 /* Sources */ = {
			isa = PBXSourcesBuildPhase;
			buildActionMask = 2147483647;
			files = (
				EB7F570421B508C300C7C710 /* JNWCollectionViewCell.m in Sources */,
				EB7F56B721B4FF4600C7C710 /* MainWindowController.m in Sources */,
				EB7F570621B508C300C7C710 /* JNWCollectionViewReusableView.m in Sources */,
				EB7F571821B510AC00C7C710 /* GridCell.m in Sources */,
				EB7F570321B508C300C7C710 /* JNWCollectionViewData.m in Sources */,
				447DD28B21B547A3003FCE27 /* UICKeyChainStore.m in Sources */,
				EB7F56D521B5080F00C7C710 /* MouseDownView.m in Sources */,
				EB7F571521B50F2400C7C710 /* PhotoFile.m in Sources */,
				EB7F570721B508C300C7C710 /* JNWCollectionViewFramework.m in Sources */,
				EB7F568F21B4FE5E00C7C710 /* main.m in Sources */,
				EB7F570921B508C300C7C710 /* NSIndexPath+JNWAdditions.m in Sources */,
				EB7F571121B508C300C7C710 /* JNWClipView.m in Sources */,
				EB7F570D21B508C300C7C710 /* JNWCollectionViewLayout.m in Sources */,
				EB7F56D821B5081E00C7C710 /* IMGButton.m in Sources */,
				EB7F568721B4FE5E00C7C710 /* AppDelegate.m in Sources */,
				EB7F570521B508C300C7C710 /* JNWCollectionViewListLayout.m in Sources */,
				EB7F571221B508C300C7C710 /* SWCollectionViewHorizontalLayout.m in Sources */,
				EB7F570B21B508C300C7C710 /* JNWCollectionViewDocumentView.m in Sources */,
				EB7F570821B508C300C7C710 /* JNWCollectionViewGridLayout.m in Sources */,
				EB7F56D121B505A700C7C710 /* AddPhotosVC.m in Sources */,
				EB7F571021B508C300C7C710 /* JNWScrollView.m in Sources */,
			);
			runOnlyForDeploymentPostprocessing = 0;
		};
		EB7F569121B4FE5E00C7C710 /* Sources */ = {
			isa = PBXSourcesBuildPhase;
			buildActionMask = 2147483647;
			files = (
				EB7F569A21B4FE5E00C7C710 /* Demo_TaskTests.m in Sources */,
			);
			runOnlyForDeploymentPostprocessing = 0;
		};
		EB7F569C21B4FE5E00C7C710 /* Sources */ = {
			isa = PBXSourcesBuildPhase;
			buildActionMask = 2147483647;
			files = (
				EB7F56A521B4FE5E00C7C710 /* Demo_TaskUITests.m in Sources */,
			);
			runOnlyForDeploymentPostprocessing = 0;
		};
/* End PBXSourcesBuildPhase section */

/* Begin PBXTargetDependency section */
		EB7F569721B4FE5E00C7C710 /* PBXTargetDependency */ = {
			isa = PBXTargetDependency;
			target = EB7F568121B4FE5E00C7C710 /* Demo Task */;
			targetProxy = EB7F569621B4FE5E00C7C710 /* PBXContainerItemProxy */;
		};
		EB7F56A221B4FE5E00C7C710 /* PBXTargetDependency */ = {
			isa = PBXTargetDependency;
			target = EB7F568121B4FE5E00C7C710 /* Demo Task */;
			targetProxy = EB7F56A121B4FE5E00C7C710 /* PBXContainerItemProxy */;
		};
/* End PBXTargetDependency section */

/* Begin PBXVariantGroup section */
		EB7F568A21B4FE5E00C7C710 /* MainMenu.xib */ = {
			isa = PBXVariantGroup;
			children = (
				EB7F568B21B4FE5E00C7C710 /* Base */,
			);
			name = MainMenu.xib;
			sourceTree = "<group>";
		};
/* End PBXVariantGroup section */

/* Begin XCBuildConfiguration section */
		EB7F56A721B4FE5E00C7C710 /* Debug */ = {
			isa = XCBuildConfiguration;
			buildSettings = {
				ALWAYS_SEARCH_USER_PATHS = NO;
				CLANG_ANALYZER_NONNULL = YES;
				CLANG_ANALYZER_NUMBER_OBJECT_CONVERSION = YES_AGGRESSIVE;
				CLANG_CXX_LANGUAGE_STANDARD = "gnu++14";
				CLANG_CXX_LIBRARY = "libc++";
				CLANG_ENABLE_MODULES = YES;
				CLANG_ENABLE_OBJC_ARC = YES;
				CLANG_ENABLE_OBJC_WEAK = YES;
				CLANG_WARN_BLOCK_CAPTURE_AUTORELEASING = YES;
				CLANG_WARN_BOOL_CONVERSION = YES;
				CLANG_WARN_COMMA = YES;
				CLANG_WARN_CONSTANT_CONVERSION = YES;
				CLANG_WARN_DEPRECATED_OBJC_IMPLEMENTATIONS = YES;
				CLANG_WARN_DIRECT_OBJC_ISA_USAGE = YES_ERROR;
				CLANG_WARN_DOCUMENTATION_COMMENTS = YES;
				CLANG_WARN_EMPTY_BODY = YES;
				CLANG_WARN_ENUM_CONVERSION = YES;
				CLANG_WARN_INFINITE_RECURSION = YES;
				CLANG_WARN_INT_CONVERSION = YES;
				CLANG_WARN_NON_LITERAL_NULL_CONVERSION = YES;
				CLANG_WARN_OBJC_IMPLICIT_RETAIN_SELF = YES;
				CLANG_WARN_OBJC_LITERAL_CONVERSION = YES;
				CLANG_WARN_OBJC_ROOT_CLASS = YES_ERROR;
				CLANG_WARN_RANGE_LOOP_ANALYSIS = YES;
				CLANG_WARN_STRICT_PROTOTYPES = YES;
				CLANG_WARN_SUSPICIOUS_MOVE = YES;
				CLANG_WARN_UNGUARDED_AVAILABILITY = YES_AGGRESSIVE;
				CLANG_WARN_UNREACHABLE_CODE = YES;
				CLANG_WARN__DUPLICATE_METHOD_MATCH = YES;
				CODE_SIGN_IDENTITY = "-";
				COPY_PHASE_STRIP = NO;
				DEBUG_INFORMATION_FORMAT = dwarf;
				ENABLE_STRICT_OBJC_MSGSEND = YES;
				ENABLE_TESTABILITY = YES;
				GCC_C_LANGUAGE_STANDARD = gnu11;
				GCC_DYNAMIC_NO_PIC = NO;
				GCC_NO_COMMON_BLOCKS = YES;
				GCC_OPTIMIZATION_LEVEL = 0;
				GCC_PREPROCESSOR_DEFINITIONS = (
					"DEBUG=1",
					"$(inherited)",
				);
				GCC_WARN_64_TO_32_BIT_CONVERSION = YES;
				GCC_WARN_ABOUT_RETURN_TYPE = YES_ERROR;
				GCC_WARN_UNDECLARED_SELECTOR = YES;
				GCC_WARN_UNINITIALIZED_AUTOS = YES_AGGRESSIVE;
				GCC_WARN_UNUSED_FUNCTION = YES;
				GCC_WARN_UNUSED_VARIABLE = YES;
				MACOSX_DEPLOYMENT_TARGET = 10.14;
				MTL_ENABLE_DEBUG_INFO = INCLUDE_SOURCE;
				MTL_FAST_MATH = YES;
				ONLY_ACTIVE_ARCH = YES;
				SDKROOT = macosx;
			};
			name = Debug;
		};
		EB7F56A821B4FE5E00C7C710 /* Release */ = {
			isa = XCBuildConfiguration;
			buildSettings = {
				ALWAYS_SEARCH_USER_PATHS = NO;
				CLANG_ANALYZER_NONNULL = YES;
				CLANG_ANALYZER_NUMBER_OBJECT_CONVERSION = YES_AGGRESSIVE;
				CLANG_CXX_LANGUAGE_STANDARD = "gnu++14";
				CLANG_CXX_LIBRARY = "libc++";
				CLANG_ENABLE_MODULES = YES;
				CLANG_ENABLE_OBJC_ARC = YES;
				CLANG_ENABLE_OBJC_WEAK = YES;
				CLANG_WARN_BLOCK_CAPTURE_AUTORELEASING = YES;
				CLANG_WARN_BOOL_CONVERSION = YES;
				CLANG_WARN_COMMA = YES;
				CLANG_WARN_CONSTANT_CONVERSION = YES;
				CLANG_WARN_DEPRECATED_OBJC_IMPLEMENTATIONS = YES;
				CLANG_WARN_DIRECT_OBJC_ISA_USAGE = YES_ERROR;
				CLANG_WARN_DOCUMENTATION_COMMENTS = YES;
				CLANG_WARN_EMPTY_BODY = YES;
				CLANG_WARN_ENUM_CONVERSION = YES;
				CLANG_WARN_INFINITE_RECURSION = YES;
				CLANG_WARN_INT_CONVERSION = YES;
				CLANG_WARN_NON_LITERAL_NULL_CONVERSION = YES;
				CLANG_WARN_OBJC_IMPLICIT_RETAIN_SELF = YES;
				CLANG_WARN_OBJC_LITERAL_CONVERSION = YES;
				CLANG_WARN_OBJC_ROOT_CLASS = YES_ERROR;
				CLANG_WARN_RANGE_LOOP_ANALYSIS = YES;
				CLANG_WARN_STRICT_PROTOTYPES = YES;
				CLANG_WARN_SUSPICIOUS_MOVE = YES;
				CLANG_WARN_UNGUARDED_AVAILABILITY = YES_AGGRESSIVE;
				CLANG_WARN_UNREACHABLE_CODE = YES;
				CLANG_WARN__DUPLICATE_METHOD_MATCH = YES;
				CODE_SIGN_IDENTITY = "-";
				COPY_PHASE_STRIP = NO;
				DEBUG_INFORMATION_FORMAT = "dwarf-with-dsym";
				ENABLE_NS_ASSERTIONS = NO;
				ENABLE_STRICT_OBJC_MSGSEND = YES;
				GCC_C_LANGUAGE_STANDARD = gnu11;
				GCC_NO_COMMON_BLOCKS = YES;
				GCC_WARN_64_TO_32_BIT_CONVERSION = YES;
				GCC_WARN_ABOUT_RETURN_TYPE = YES_ERROR;
				GCC_WARN_UNDECLARED_SELECTOR = YES;
				GCC_WARN_UNINITIALIZED_AUTOS = YES_AGGRESSIVE;
				GCC_WARN_UNUSED_FUNCTION = YES;
				GCC_WARN_UNUSED_VARIABLE = YES;
				MACOSX_DEPLOYMENT_TARGET = 10.14;
				MTL_ENABLE_DEBUG_INFO = NO;
				MTL_FAST_MATH = YES;
				SDKROOT = macosx;
			};
			name = Release;
		};
		EB7F56AA21B4FE5E00C7C710 /* Debug */ = {
			isa = XCBuildConfiguration;
			baseConfigurationReference = C7B6926DF0ACBD79476D9E89 /* Pods-Demo Task.debug.xcconfig */;
			buildSettings = {
				ASSETCATALOG_COMPILER_APPICON_NAME = AppIcon;
				CODE_SIGN_ENTITLEMENTS = "Demo Task/Demo Task.entitlements";
				CODE_SIGN_STYLE = Automatic;
				COMBINE_HIDPI_IMAGES = YES;
				INFOPLIST_FILE = "Demo Task/Info.plist";
				LD_RUNPATH_SEARCH_PATHS = (
					"$(inherited)",
					"@executable_path/../Frameworks",
				);
				PRODUCT_BUNDLE_IDENTIFIER = "com.company.Demo-Task";
				PRODUCT_NAME = "$(TARGET_NAME)";
			};
			name = Debug;
		};
		EB7F56AB21B4FE5E00C7C710 /* Release */ = {
			isa = XCBuildConfiguration;
			baseConfigurationReference = DD8AD31943BAEC713203484D /* Pods-Demo Task.release.xcconfig */;
			buildSettings = {
				ASSETCATALOG_COMPILER_APPICON_NAME = AppIcon;
				CODE_SIGN_ENTITLEMENTS = "Demo Task/Demo Task.entitlements";
				CODE_SIGN_STYLE = Automatic;
				COMBINE_HIDPI_IMAGES = YES;
				INFOPLIST_FILE = "Demo Task/Info.plist";
				LD_RUNPATH_SEARCH_PATHS = (
					"$(inherited)",
					"@executable_path/../Frameworks",
				);
				PRODUCT_BUNDLE_IDENTIFIER = "com.company.Demo-Task";
				PRODUCT_NAME = "$(TARGET_NAME)";
			};
			name = Release;
		};
		EB7F56AD21B4FE5E00C7C710 /* Debug */ = {
			isa = XCBuildConfiguration;
			baseConfigurationReference = D897A8C4DA32B43D074E42AD /* Pods-Demo TaskTests.debug.xcconfig */;
			buildSettings = {
				BUNDLE_LOADER = "$(TEST_HOST)";
				CODE_SIGN_STYLE = Automatic;
				COMBINE_HIDPI_IMAGES = YES;
				INFOPLIST_FILE = "Demo TaskTests/Info.plist";
				LD_RUNPATH_SEARCH_PATHS = (
					"$(inherited)",
					"@executable_path/../Frameworks",
					"@loader_path/../Frameworks",
				);
				PRODUCT_BUNDLE_IDENTIFIER = "com.company.Demo-TaskTests";
				PRODUCT_NAME = "$(TARGET_NAME)";
				TEST_HOST = "$(BUILT_PRODUCTS_DIR)/Demo Task.app/Contents/MacOS/Demo Task";
			};
			name = Debug;
		};
		EB7F56AE21B4FE5E00C7C710 /* Release */ = {
			isa = XCBuildConfiguration;
			baseConfigurationReference = BE3EC7E31865722AC31245C3 /* Pods-Demo TaskTests.release.xcconfig */;
			buildSettings = {
				BUNDLE_LOADER = "$(TEST_HOST)";
				CODE_SIGN_STYLE = Automatic;
				COMBINE_HIDPI_IMAGES = YES;
				INFOPLIST_FILE = "Demo TaskTests/Info.plist";
				LD_RUNPATH_SEARCH_PATHS = (
					"$(inherited)",
					"@executable_path/../Frameworks",
					"@loader_path/../Frameworks",
				);
				PRODUCT_BUNDLE_IDENTIFIER = "com.company.Demo-TaskTests";
				PRODUCT_NAME = "$(TARGET_NAME)";
				TEST_HOST = "$(BUILT_PRODUCTS_DIR)/Demo Task.app/Contents/MacOS/Demo Task";
			};
			name = Release;
		};
		EB7F56B021B4FE5E00C7C710 /* Debug */ = {
			isa = XCBuildConfiguration;
			baseConfigurationReference = D0C1958712709811CACA5696 /* Pods-Demo TaskUITests.debug.xcconfig */;
			buildSettings = {
				CODE_SIGN_STYLE = Automatic;
				COMBINE_HIDPI_IMAGES = YES;
				INFOPLIST_FILE = "Demo TaskUITests/Info.plist";
				LD_RUNPATH_SEARCH_PATHS = (
					"$(inherited)",
					"@executable_path/../Frameworks",
					"@loader_path/../Frameworks",
				);
				PRODUCT_BUNDLE_IDENTIFIER = "com.company.Demo-TaskUITests";
				PRODUCT_NAME = "$(TARGET_NAME)";
				TEST_TARGET_NAME = "Demo Task";
			};
			name = Debug;
		};
		EB7F56B121B4FE5E00C7C710 /* Release */ = {
			isa = XCBuildConfiguration;
			baseConfigurationReference = 829A561FAB7952F137210C22 /* Pods-Demo TaskUITests.release.xcconfig */;
			buildSettings = {
				CODE_SIGN_STYLE = Automatic;
				COMBINE_HIDPI_IMAGES = YES;
				INFOPLIST_FILE = "Demo TaskUITests/Info.plist";
				LD_RUNPATH_SEARCH_PATHS = (
					"$(inherited)",
					"@executable_path/../Frameworks",
					"@loader_path/../Frameworks",
				);
				PRODUCT_BUNDLE_IDENTIFIER = "com.company.Demo-TaskUITests";
				PRODUCT_NAME = "$(TARGET_NAME)";
				TEST_TARGET_NAME = "Demo Task";
			};
			name = Release;
		};
/* End XCBuildConfiguration section */

/* Begin XCConfigurationList section */
		EB7F567D21B4FE5E00C7C710 /* Build configuration list for PBXProject "Demo Task" */ = {
			isa = XCConfigurationList;
			buildConfigurations = (
				EB7F56A721B4FE5E00C7C710 /* Debug */,
				EB7F56A821B4FE5E00C7C710 /* Release */,
			);
			defaultConfigurationIsVisible = 0;
			defaultConfigurationName = Release;
		};
		EB7F56A921B4FE5E00C7C710 /* Build configuration list for PBXNativeTarget "Demo Task" */ = {
			isa = XCConfigurationList;
			buildConfigurations = (
				EB7F56AA21B4FE5E00C7C710 /* Debug */,
				EB7F56AB21B4FE5E00C7C710 /* Release */,
			);
			defaultConfigurationIsVisible = 0;
			defaultConfigurationName = Release;
		};
		EB7F56AC21B4FE5E00C7C710 /* Build configuration list for PBXNativeTarget "Demo TaskTests" */ = {
			isa = XCConfigurationList;
			buildConfigurations = (
				EB7F56AD21B4FE5E00C7C710 /* Debug */,
				EB7F56AE21B4FE5E00C7C710 /* Release */,
			);
			defaultConfigurationIsVisible = 0;
			defaultConfigurationName = Release;
		};
		EB7F56AF21B4FE5E00C7C710 /* Build configuration list for PBXNativeTarget "Demo TaskUITests" */ = {
			isa = XCConfigurationList;
			buildConfigurations = (
				EB7F56B021B4FE5E00C7C710 /* Debug */,
				EB7F56B121B4FE5E00C7C710 /* Release */,
			);
			defaultConfigurationIsVisible = 0;
			defaultConfigurationName = Release;
		};
/* End XCConfigurationList section */
	};
	rootObject = EB7F567A21B4FE5E00C7C710 /* Project object */;
}
